
Microsoft Visual Studio Solution File, Format Version 12.00
# Visual Studio Version 17
VisualStudioVersion = 17.9.34728.123
MinimumVisualStudioVersion = 10.0.40219.1
Project("{FAE04EC0-301F-11D3-BF4B-00C04F79EFBC}") = "shoppingApp", "shoppingApp.csproj", "{C93EA66A-2D26-4733-A2B6-84EE3BC82731}"
EndProject
Global
	GlobalSection(SolutionConfigurationPlatforms) = preSolution
		Debug|Any CPU = Debug|Any CPU
		Release|Any CPU = Release|Any CPU
	EndGlobalSection
	GlobalSection(ProjectConfigurationPlatforms) = postSolution
		{C93EA66A-2D26-4733-A2B6-84EE3BC82731}.Debug|Any CPU.ActiveCfg = Debug|Any CPU
		{C93EA66A-2D26-4733-A2B6-84EE3BC82731}.Debug|Any CPU.Build.0 = Debug|Any CPU
		{C93EA66A-2D26-4733-A2B6-84EE3BC82731}.Release|Any CPU.ActiveCfg = Release|Any CPU
		{C93EA66A-2D26-4733-A2B6-84EE3BC82731}.Release|Any CPU.Build.0 = Release|Any CPU
	EndGlobalSection
	GlobalSection(SolutionProperties) = preSolution
		HideSolutionNode = FALSE
	EndGlobalSection
	GlobalSection(ExtensibilityGlobals) = postSolution
		SolutionGuid = {6C04DDB7-52BB-44D4-8731-3A6F78BCBC28}
	EndGlobalSection
EndGlobal
